
Microsoft Visual Studio Solution File, Format Version 12.00
# Visual Studio 15
VisualStudioVersion = 15.0.26403.7
MinimumVisualStudioVersion = 10.0.40219.1
Project("{FAE04EC0-301F-11D3-BF4B-00C04F79EFBC}") = "MochPlayGround", "MochPlayGround\MochPlayGround.csproj", "{99AC8C87-4379-49A6-91D6-D8C5CA12BF34}"
EndProject
Project("{FAE04EC0-301F-11D3-BF4B-00C04F79EFBC}") = "FizzBuzzQuestion", "FizzBuzzQuestion\FizzBuzzQuestion.csproj", "{2EF5DECD-05D4-46B2-B0FE-2B9EE88C0B6E}"
EndProject
Project("{FAE04EC0-301F-11D3-BF4B-00C04F79EFBC}") = "DataStructures.Algorithm", "DataStructures.Algorithm\DataStructures.Algorithm.csproj", "{76258542-7EE4-4011-A45C-20E6414D976F}"
EndProject
Global
	GlobalSection(SolutionConfigurationPlatforms) = preSolution
		Debug|Any CPU = Debug|Any CPU
		Release|Any CPU = Release|Any CPU
	EndGlobalSection
	GlobalSection(ProjectConfigurationPlatforms) = postSolution
		{99AC8C87-4379-49A6-91D6-D8C5CA12BF34}.Debug|Any CPU.ActiveCfg = Debug|Any CPU
		{99AC8C87-4379-49A6-91D6-D8C5CA12BF34}.Debug|Any CPU.Build.0 = Debug|Any CPU
		{99AC8C87-4379-49A6-91D6-D8C5CA12BF34}.Release|Any CPU.ActiveCfg = Release|Any CPU
		{99AC8C87-4379-49A6-91D6-D8C5CA12BF34}.Release|Any CPU.Build.0 = Release|Any CPU
		{2EF5DECD-05D4-46B2-B0FE-2B9EE88C0B6E}.Debug|Any CPU.ActiveCfg = Debug|Any CPU
		{2EF5DECD-05D4-46B2-B0FE-2B9EE88C0B6E}.Debug|Any CPU.Build.0 = Debug|Any CPU
		{2EF5DECD-05D4-46B2-B0FE-2B9EE88C0B6E}.Release|Any CPU.ActiveCfg = Release|Any CPU
		{2EF5DECD-05D4-46B2-B0FE-2B9EE88C0B6E}.Release|Any CPU.Build.0 = Release|Any CPU
		{76258542-7EE4-4011-A45C-20E6414D976F}.Debug|Any CPU.ActiveCfg = Debug|Any CPU
		{76258542-7EE4-4011-A45C-20E6414D976F}.Debug|Any CPU.Build.0 = Debug|Any CPU
		{76258542-7EE4-4011-A45C-20E6414D976F}.Release|Any CPU.ActiveCfg = Release|Any CPU
		{76258542-7EE4-4011-A45C-20E6414D976F}.Release|Any CPU.Build.0 = Release|Any CPU
	EndGlobalSection
	GlobalSection(SolutionProperties) = preSolution
		HideSolutionNode = FALSE
	EndGlobalSection
	GlobalSection(ExtensibilityGlobals) = postSolution
		SolutionGuid = {9918763C-AE9F-46C8-A9A2-918A0E4444F5}
	EndGlobalSection
EndGlobal
